
Microsoft Visual Studio Solution File, Format Version 12.00
# Visual Studio 15
VisualStudioVersion = 15.0.28307.572
MinimumVisualStudioVersion = 10.0.40219.1
Project("{FAE04EC0-301F-11D3-BF4B-00C04F79EFBC}") = "TravelerRecordApp.Android", "TravelerRecordApp\TravelerRecordApp.Android\TravelerRecordApp.Android.csproj", "{155394D8-A7FD-488F-864C-6DCD63850C7D}"
EndProject
Project("{FAE04EC0-301F-11D3-BF4B-00C04F79EFBC}") = "TravelerRecordApp.iOS", "TravelerRecordApp\TravelerRecordApp.iOS\TravelerRecordApp.iOS.csproj", "{4DB86B4D-D815-432B-B7D4-5D933166070C}"
EndProject
Project("{9A19103F-16F7-4668-BE54-9A1E7A4F7556}") = "TravelerRecordApp", "TravelerRecordApp\TravelerRecordApp\TravelerRecordApp.csproj", "{DD72E2F9-2D88-411B-8DFD-B92FEE09B559}"
EndProject
Global
	GlobalSection(SolutionConfigurationPlatforms) = preSolution
		Ad-Hoc|Any CPU = Ad-Hoc|Any CPU
		Ad-Hoc|iPhone = Ad-Hoc|iPhone
		Ad-Hoc|iPhoneSimulator = Ad-Hoc|iPhoneSimulator
		AppStore|Any CPU = AppStore|Any CPU
		AppStore|iPhone = AppStore|iPhone
		AppStore|iPhoneSimulator = AppStore|iPhoneSimulator
		Debug|Any CPU = Debug|Any CPU
		Debug|iPhone = Debug|iPhone
		Debug|iPhoneSimulator = Debug|iPhoneSimulator
		Release|Any CPU = Release|Any CPU
		Release|iPhone = Release|iPhone
		Release|iPhoneSimulator = Release|iPhoneSimulator
	EndGlobalSection
	GlobalSection(ProjectConfigurationPlatforms) = postSolution
		{155394D8-A7FD-488F-864C-6DCD63850C7D}.Ad-Hoc|Any CPU.ActiveCfg = Release|Any CPU
		{155394D8-A7FD-488F-864C-6DCD63850C7D}.Ad-Hoc|Any CPU.Build.0 = Release|Any CPU
		{155394D8-A7FD-488F-864C-6DCD63850C7D}.Ad-Hoc|Any CPU.Deploy.0 = Release|Any CPU
		{155394D8-A7FD-488F-864C-6DCD63850C7D}.Ad-Hoc|iPhone.ActiveCfg = Release|Any CPU
		{155394D8-A7FD-488F-864C-6DCD63850C7D}.Ad-Hoc|iPhone.Build.0 = Release|Any CPU
		{155394D8-A7FD-488F-864C-6DCD63850C7D}.Ad-Hoc|iPhone.Deploy.0 = Release|Any CPU
		{155394D8-A7FD-488F-864C-6DCD63850C7D}.Ad-Hoc|iPhoneSimulator.ActiveCfg = Release|Any CPU
		{155394D8-A7FD-488F-864C-6DCD63850C7D}.Ad-Hoc|iPhoneSimulator.Build.0 = Release|Any CPU
		{155394D8-A7FD-488F-864C-6DCD63850C7D}.Ad-Hoc|iPhoneSimulator.Deploy.0 = Release|Any CPU
		{155394D8-A7FD-488F-864C-6DCD63850C7D}.AppStore|Any CPU.ActiveCfg = Release|Any CPU
		{155394D8-A7FD-488F-864C-6DCD63850C7D}.AppStore|Any CPU.Build.0 = Release|Any CPU
		{155394D8-A7FD-488F-864C-6DCD63850C7D}.AppStore|Any CPU.Deploy.0 = Release|Any CPU
		{155394D8-A7FD-488F-864C-6DCD63850C7D}.AppStore|iPhone.ActiveCfg = Release|Any CPU
		{155394D8-A7FD-488F-864C-6DCD63850C7D}.AppStore|iPhone.Build.0 = Release|Any CPU
		{155394D8-A7FD-488F-864C-6DCD63850C7D}.AppStore|iPhone.Deploy.0 = Release|Any CPU
		{155394D8-A7FD-488F-864C-6DCD63850C7D}.AppStore|iPhoneSimulator.ActiveCfg = Release|Any CPU
		{155394D8-A7FD-488F-864C-6DCD63850C7D}.AppStore|iPhoneSimulator.Build.0 = Release|Any CPU
		{155394D8-A7FD-488F-864C-6DCD63850C7D}.AppStore|iPhoneSimulator.Deploy.0 = Release|Any CPU
		{155394D8-A7FD-488F-864C-6DCD63850C7D}.Debug|Any CPU.ActiveCfg = Debug|Any CPU
		{155394D8-A7FD-488F-864C-6DCD63850C7D}.Debug|Any CPU.Build.0 = Debug|Any CPU
		{155394D8-A7FD-488F-864C-6DCD63850C7D}.Debug|Any CPU.Deploy.0 = Debug|Any CPU
		{155394D8-A7FD-488F-864C-6DCD63850C7D}.Debug|iPhone.ActiveCfg = Debug|Any CPU
		{155394D8-A7FD-488F-864C-6DCD63850C7D}.Debug|iPhone.Build.0 = Debug|Any CPU
		{155394D8-A7FD-488F-864C-6DCD63850C7D}.Debug|iPhone.Deploy.0 = Debug|Any CPU
		{155394D8-A7FD-488F-864C-6DCD63850C7D}.Debug|iPhoneSimulator.ActiveCfg = Debug|Any CPU
		{155394D8-A7FD-488F-864C-6DCD63850C7D}.Debug|iPhoneSimulator.Build.0 = Debug|Any CPU
		{155394D8-A7FD-488F-864C-6DCD63850C7D}.Debug|iPhoneSimulator.Deploy.0 = Debug|Any CPU
		{155394D8-A7FD-488F-864C-6DCD63850C7D}.Release|Any CPU.ActiveCfg = Release|Any CPU
		{155394D8-A7FD-488F-864C-6DCD63850C7D}.Release|Any CPU.Build.0 = Release|Any CPU
		{155394D8-A7FD-488F-864C-6DCD63850C7D}.Release|Any CPU.Deploy.0 = Release|Any CPU
		{155394D8-A7FD-488F-864C-6DCD63850C7D}.Release|iPhone.ActiveCfg = Release|Any CPU
		{155394D8-A7FD-488F-864C-6DCD63850C7D}.Release|iPhone.Build.0 = Release|Any CPU
		{155394D8-A7FD-488F-864C-6DCD63850C7D}.Release|iPhone.Deploy.0 = Release|Any CPU
		{155394D8-A7FD-488F-864C-6DCD63850C7D}.Release|iPhoneSimulator.ActiveCfg = Release|Any CPU
		{155394D8-A7FD-488F-864C-6DCD63850C7D}.Release|iPhoneSimulator.Build.0 = Release|Any CPU
		{155394D8-A7FD-488F-864C-6DCD63850C7D}.Release|iPhoneSimulator.Deploy.0 = Release|Any CPU
		{4DB86B4D-D815-432B-B7D4-5D933166070C}.Ad-Hoc|Any CPU.ActiveCfg = Ad-Hoc|iPhone
		{4DB86B4D-D815-432B-B7D4-5D933166070C}.Ad-Hoc|Any CPU.Build.0 = Ad-Hoc|iPhone
		{4DB86B4D-D815-432B-B7D4-5D933166070C}.Ad-Hoc|Any CPU.Deploy.0 = Ad-Hoc|iPhone
		{4DB86B4D-D815-432B-B7D4-5D933166070C}.Ad-Hoc|iPhone.ActiveCfg = Ad-Hoc|iPhone
		{4DB86B4D-D815-432B-B7D4-5D933166070C}.Ad-Hoc|iPhone.Build.0 = Ad-Hoc|iPhone
		{4DB86B4D-D815-432B-B7D4-5D933166070C}.Ad-Hoc|iPhone.Deploy.0 = Ad-Hoc|iPhone
		{4DB86B4D-D815-432B-B7D4-5D933166070C}.Ad-Hoc|iPhoneSimulator.ActiveCfg = Ad-Hoc|iPhoneSimulator
		{4DB86B4D-D815-432B-B7D4-5D933166070C}.Ad-Hoc|iPhoneSimulator.Build.0 = Ad-Hoc|iPhoneSimulator
		{4DB86B4D-D815-432B-B7D4-5D933166070C}.Ad-Hoc|iPhoneSimulator.Deploy.0 = Ad-Hoc|iPhoneSimulator
		{4DB86B4D-D815-432B-B7D4-5D933166070C}.AppStore|Any CPU.ActiveCfg = AppStore|iPhone
		{4DB86B4D-D815-432B-B7D4-5D933166070C}.AppStore|Any CPU.Build.0 = AppStore|iPhone
		{4DB86B4D-D815-432B-B7D4-5D933166070C}.AppStore|Any CPU.Deploy.0 = AppStore|iPhone
		{4DB86B4D-D815-432B-B7D4-5D933166070C}.AppStore|iPhone.ActiveCfg = AppStore|iPhone
		{4DB86B4D-D815-432B-B7D4-5D933166070C}.AppStore|iPhone.Build.0 = AppStore|iPhone
		{4DB86B4D-D815-432B-B7D4-5D933166070C}.AppStore|iPhone.Deploy.0 = AppStore|iPhone
		{4DB86B4D-D815-432B-B7D4-5D933166070C}.AppStore|iPhoneSimulator.ActiveCfg = AppStore|iPhoneSimulator
		{4DB86B4D-D815-432B-B7D4-5D933166070C}.AppStore|iPhoneSimulator.Build.0 = AppStore|iPhoneSimulator
		{4DB86B4D-D815-432B-B7D4-5D933166070C}.AppStore|iPhoneSimulator.Deploy.0 = AppStore|iPhoneSimulator
		{4DB86B4D-D815-432B-B7D4-5D933166070C}.Debug|Any CPU.ActiveCfg = Debug|iPhoneSimulator
		{4DB86B4D-D815-432B-B7D4-5D933166070C}.Debug|Any CPU.Build.0 = Debug|iPhoneSimulator
		{4DB86B4D-D815-432B-B7D4-5D933166070C}.Debug|Any CPU.Deploy.0 = Debug|iPhoneSimulator
		{4DB86B4D-D815-432B-B7D4-5D933166070C}.Debug|iPhone.ActiveCfg = Debug|iPhone
		{4DB86B4D-D815-432B-B7D4-5D933166070C}.Debug|iPhone.Build.0 = Debug|iPhone
		{4DB86B4D-D815-432B-B7D4-5D933166070C}.Debug|iPhone.Deploy.0 = Debug|iPhone
		{4DB86B4D-D815-432B-B7D4-5D933166070C}.Debug|iPhoneSimulator.ActiveCfg = Debug|iPhoneSimulator
		{4DB86B4D-D815-432B-B7D4-5D933166070C}.Debug|iPhoneSimulator.Build.0 = Debug|iPhoneSimulator
		{4DB86B4D-D815-432B-B7D4-5D933166070C}.Debug|iPhoneSimulator.Deploy.0 = Debug|iPhoneSimulator
		{4DB86B4D-D815-432B-B7D4-5D933166070C}.Release|Any CPU.ActiveCfg = Release|iPhone
		{4DB86B4D-D815-432B-B7D4-5D933166070C}.Release|Any CPU.Build.0 = Release|iPhone
		{4DB86B4D-D815-432B-B7D4-5D933166070C}.Release|Any CPU.Deploy.0 = Release|iPhone
		{4DB86B4D-D815-432B-B7D4-5D933166070C}.Release|iPhone.ActiveCfg = Release|iPhone
		{4DB86B4D-D815-432B-B7D4-5D933166070C}.Release|iPhone.Build.0 = Release|iPhone
		{4DB86B4D-D815-432B-B7D4-5D933166070C}.Release|iPhone.Deploy.0 = Release|iPhone
		{4DB86B4D-D815-432B-B7D4-5D933166070C}.Release|iPhoneSimulator.ActiveCfg = Release|iPhoneSimulator
		{4DB86B4D-D815-432B-B7D4-5D933166070C}.Release|iPhoneSimulator.Build.0 = Release|iPhoneSimulator
		{4DB86B4D-D815-432B-B7D4-5D933166070C}.Release|iPhoneSimulator.Deploy.0 = Release|iPhoneSimulator
		{DD72E2F9-2D88-411B-8DFD-B92FEE09B559}.Ad-Hoc|Any CPU.ActiveCfg = Debug|Any CPU
		{DD72E2F9-2D88-411B-8DFD-B92FEE09B559}.Ad-Hoc|Any CPU.Build.0 = Debug|Any CPU
		{DD72E2F9-2D88-411B-8DFD-B92FEE09B559}.Ad-Hoc|Any CPU.Deploy.0 = Debug|Any CPU
		{DD72E2F9-2D88-411B-8DFD-B92FEE09B559}.Ad-Hoc|iPhone.ActiveCfg = Debug|Any CPU
		{DD72E2F9-2D88-411B-8DFD-B92FEE09B559}.Ad-Hoc|iPhone.Build.0 = Debug|Any CPU
		{DD72E2F9-2D88-411B-8DFD-B92FEE09B559}.Ad-Hoc|iPhone.Deploy.0 = Debug|Any CPU
		{DD72E2F9-2D88-411B-8DFD-B92FEE09B559}.Ad-Hoc|iPhoneSimulator.ActiveCfg = Debug|Any CPU
		{DD72E2F9-2D88-411B-8DFD-B92FEE09B559}.Ad-Hoc|iPhoneSimulator.Build.0 = Debug|Any CPU
		{DD72E2F9-2D88-411B-8DFD-B92FEE09B559}.Ad-Hoc|iPhoneSimulator.Deploy.0 = Debug|Any CPU
		{DD72E2F9-2D88-411B-8DFD-B92FEE09B559}.AppStore|Any CPU.ActiveCfg = Debug|Any CPU
		{DD72E2F9-2D88-411B-8DFD-B92FEE09B559}.AppStore|Any CPU.Build.0 = Debug|Any CPU
		{DD72E2F9-2D88-411B-8DFD-B92FEE09B559}.AppStore|Any CPU.Deploy.0 = Debug|Any CPU
		{DD72E2F9-2D88-411B-8DFD-B92FEE09B559}.AppStore|iPhone.ActiveCfg = Debug|Any CPU
		{DD72E2F9-2D88-411B-8DFD-B92FEE09B559}.AppStore|iPhone.Build.0 = Debug|Any CPU
		{DD72E2F9-2D88-411B-8DFD-B92FEE09B559}.AppStore|iPhone.Deploy.0 = Debug|Any CPU
		{DD72E2F9-2D88-411B-8DFD-B92FEE09B559}.AppStore|iPhoneSimulator.ActiveCfg = Debug|Any CPU
		{DD72E2F9-2D88-411B-8DFD-B92FEE09B559}.AppStore|iPhoneSimulator.Build.0 = Debug|Any CPU
		{DD72E2F9-2D88-411B-8DFD-B92FEE09B559}.AppStore|iPhoneSimulator.Deploy.0 = Debug|Any CPU
		{DD72E2F9-2D88-411B-8DFD-B92FEE09B559}.Debug|Any CPU.ActiveCfg = Debug|Any CPU
		{DD72E2F9-2D88-411B-8DFD-B92FEE09B559}.Debug|Any CPU.Build.0 = Debug|Any CPU
		{DD72E2F9-2D88-411B-8DFD-B92FEE09B559}.Debug|Any CPU.Deploy.0 = Debug|Any CPU
		{DD72E2F9-2D88-411B-8DFD-B92FEE09B559}.Debug|iPhone.ActiveCfg = Debug|Any CPU
		{DD72E2F9-2D88-411B-8DFD-B92FEE09B559}.Debug|iPhone.Build.0 = Debug|Any CPU
		{DD72E2F9-2D88-411B-8DFD-B92FEE09B559}.Debug|iPhone.Deploy.0 = Debug|Any CPU
		{DD72E2F9-2D88-411B-8DFD-B92FEE09B559}.Debug|iPhoneSimulator.ActiveCfg = Debug|Any CPU
		{DD72E2F9-2D88-411B-8DFD-B92FEE09B559}.Debug|iPhoneSimulator.Build.0 = Debug|Any CPU
		{DD72E2F9-2D88-411B-8DFD-B92FEE09B559}.Debug|iPhoneSimulator.Deploy.0 = Debug|Any CPU
		{DD72E2F9-2D88-411B-8DFD-B92FEE09B559}.Release|Any CPU.ActiveCfg = Release|Any CPU
		{DD72E2F9-2D88-411B-8DFD-B92FEE09B559}.Release|Any CPU.Build.0 = Release|Any CPU
		{DD72E2F9-2D88-411B-8DFD-B92FEE09B559}.Release|Any CPU.Deploy.0 = Release|Any CPU
		{DD72E2F9-2D88-411B-8DFD-B92FEE09B559}.Release|iPhone.ActiveCfg = Release|Any CPU
		{DD72E2F9-2D88-411B-8DFD-B92FEE09B559}.Release|iPhone.Build.0 = Release|Any CPU
		{DD72E2F9-2D88-411B-8DFD-B92FEE09B559}.Release|iPhone.Deploy.0 = Release|Any CPU
		{DD72E2F9-2D88-411B-8DFD-B92FEE09B559}.Release|iPhoneSimulator.ActiveCfg = Release|Any CPU
		{DD72E2F9-2D88-411B-8DFD-B92FEE09B559}.Release|iPhoneSimulator.Build.0 = Release|Any CPU
		{DD72E2F9-2D88-411B-8DFD-B92FEE09B559}.Release|iPhoneSimulator.Deploy.0 = Release|Any CPU
	EndGlobalSection
	GlobalSection(SolutionProperties) = preSolution
		HideSolutionNode = FALSE
	EndGlobalSection
	GlobalSection(ExtensibilityGlobals) = postSolution
		SolutionGuid = {C5815555-FCEA-4519-BB61-673717EEF08E}
	EndGlobalSection
EndGlobal
